<?xml version="1.0" encoding="utf-8"?>
<Project ToolsVersion="4.0" xmlns="http://schemas.microsoft.com/developer/msbuild/2003">
  <ItemGroup>
    <Filter Include="Source Files">
      <UniqueIdentifier>{4FC737F1-C7A5-4376-A066-2A32D752A2FF}</UniqueIdentifier>
      <Extensions>cpp;c;cc;cxx;def;odl;idl;hpj;bat;asm;asmx</Extensions>
    </Filter>
    <Filter Include="Header Files">
      <UniqueIdentifier>{93995380-89BD-4b04-88EB-625FBE52EBFB}</UniqueIdentifier>
      <Extensions>h;hh;hpp;hxx;hm;inl;inc;ipp;xsd</Extensions>
    </Filter>
    <Filter Include="Resource Files">
      <UniqueIdentifier>{67DA6AB6-F800-4c08-8B7A-83BB121AAD01}</UniqueIdentifier>
      <Extensions>rc;ico;cur;bmp;dlg;rc2;rct;bin;rgs;gif;jpg;jpeg;jpe;resx;tiff;tif;png;wav;mfcribbon-ms</Extensions>
    </Filter>
  </ItemGroup>
  <ItemGroup>
    <ClCompile Include="Food.cpp">
      <Filter>Source Files</Filter>
    </ClCompile>
    <ClCompile Include="Source.cpp">
      <Filter>Source Files</Filter>
    </ClCompile>
    <ClCompile Include="Dairy.cpp">
      <Filter>Source Files</Filter>
    </ClCompile>
    <ClCompile Include="Meat.cpp">
      <Filter>Source Files</Filter>
    </ClCompile>
    <ClCompile Include="Veggie.cpp">
      <Filter>Source Files</Filter>
    </ClCompile>
    <ClCompile Include="Sweets.cpp">
      <Filter>Source Files</Filter>
    </ClCompile>
    <ClCompile Include="Cheese.cpp">
      <Filter>Source Files</Filter>
    </ClCompile>
    <ClCompile Include="Milk.cpp">
      <Filter>Source Files</Filter>
    </ClCompile>
    <ClCompile Include="Yoghurt.cpp">
      <Filter>Source Files</Filter>
    </ClCompile>
    <ClCompile Include="Steak.cpp">
      <Filter>Source Files</Filter>
    </ClCompile>
    <ClCompile Include="Ham.cpp">
      <Filter>Source Files</Filter>
    </ClCompile>
    <ClCompile Include="Prosciutto.cpp">
      <Filter>Source Files</Filter>
    </ClCompile>
    <ClCompile Include="Rice.cpp">
      <Filter>Source Files</Filter>
    </ClCompile>
    <ClCompile Include="Tofu.cpp">
      <Filter>Source Files</Filter>
    </ClCompile>
    <ClCompile Include="Hummus.cpp">
      <Filter>Source Files</Filter>
    </ClCompile>
    <ClCompile Include="Madjarica.cpp">
      <Filter>Source Files</Filter>
    </ClCompile>
    <ClCompile Include="Creampie.cpp">
      <Filter>Source Files</Filter>
    </ClCompile>
    <ClCompile Include="Cake.cpp">
      <Filter>Source Files</Filter>
    </ClCompile>
  </ItemGroup>
  <ItemGroup>
    <ClInclude Include="Food.h">
      <Filter>Header Files</Filter>
    </ClInclude>
    <ClInclude Include="Dairy.h">
      <Filter>Header Files</Filter>
    </ClInclude>
    <ClInclude Include="Meat.h">
      <Filter>Header Files</Filter>
    </ClInclude>
    <ClInclude Include="Veggie.h">
      <Filter>Header Files</Filter>
    </ClInclude>
    <ClInclude Include="Sweets.h">
      <Filter>Header Files</Filter>
    </ClInclude>
    <ClInclude Include="Cheese.h">
      <Filter>Header Files</Filter>
    </ClInclude>
    <ClInclude Include="Milk.h">
      <Filter>Header Files</Filter>
    </ClInclude>
    <ClInclude Include="Yoghurt.h">
      <Filter>Header Files</Filter>
    </ClInclude>
    <ClInclude Include="Steak.h">
      <Filter>Header Files</Filter>
    </ClInclude>
    <ClInclude Include="Ham.h">
      <Filter>Header Files</Filter>
    </ClInclude>
    <ClInclude Include="Prosciutto.h">
      <Filter>Header Files</Filter>
    </ClInclude>
    <ClInclude Include="Rice.h">
      <Filter>Header Files</Filter>
    </ClInclude>
    <ClInclude Include="Tofu.h">
      <Filter>Header Files</Filter>
    </ClInclude>
    <ClInclude Include="Hummus.h">
      <Filter>Header Files</Filter>
    </ClInclude>
    <ClInclude Include="Madjarica.h">
      <Filter>Header Files</Filter>
    </ClInclude>
    <ClInclude Include="Creampie.h">
      <Filter>Header Files</Filter>
    </ClInclude>
    <ClInclude Include="Cake.h">
      <Filter>Header Files</Filter>
    </ClInclude>
  </ItemGroup>
</Project>