
Microsoft Visual Studio Solution File, Format Version 12.00
# Visual Studio 15
VisualStudioVersion = 15.0.28307.136
MinimumVisualStudioVersion = 10.0.40219.1
Project("{8BC9CEB8-8B4A-11D0-8D11-00A0C91BC942}") = "vj1zad1", "vj1zad1\vj1zad1.vcxproj", "{3D94BDE3-B5A6-467E-A0D7-0D3A253584DC}"
EndProject
Project("{8BC9CEB8-8B4A-11D0-8D11-00A0C91BC942}") = "vj1zad2", "vj1zad2\vj1zad2.vcxproj", "{23489927-B883-43C1-BB4F-D604C3D5E5A3}"
EndProject
Global
	GlobalSection(SolutionConfigurationPlatforms) = preSolution
		Debug|x64 = Debug|x64
		Debug|x86 = Debug|x86
		Release|x64 = Release|x64
		Release|x86 = Release|x86
	EndGlobalSection
	GlobalSection(ProjectConfigurationPlatforms) = postSolution
		{3D94BDE3-B5A6-467E-A0D7-0D3A253584DC}.Debug|x64.ActiveCfg = Debug|x64
		{3D94BDE3-B5A6-467E-A0D7-0D3A253584DC}.Debug|x64.Build.0 = Debug|x64
		{3D94BDE3-B5A6-467E-A0D7-0D3A253584DC}.Debug|x86.ActiveCfg = Debug|Win32
		{3D94BDE3-B5A6-467E-A0D7-0D3A253584DC}.Debug|x86.Build.0 = Debug|Win32
		{3D94BDE3-B5A6-467E-A0D7-0D3A253584DC}.Release|x64.ActiveCfg = Release|x64
		{3D94BDE3-B5A6-467E-A0D7-0D3A253584DC}.Release|x64.Build.0 = Release|x64
		{3D94BDE3-B5A6-467E-A0D7-0D3A253584DC}.Release|x86.ActiveCfg = Release|Win32
		{3D94BDE3-B5A6-467E-A0D7-0D3A253584DC}.Release|x86.Build.0 = Release|Win32
		{23489927-B883-43C1-BB4F-D604C3D5E5A3}.Debug|x64.ActiveCfg = Debug|x64
		{23489927-B883-43C1-BB4F-D604C3D5E5A3}.Debug|x64.Build.0 = Debug|x64
		{23489927-B883-43C1-BB4F-D604C3D5E5A3}.Debug|x86.ActiveCfg = Debug|Win32
		{23489927-B883-43C1-BB4F-D604C3D5E5A3}.Debug|x86.Build.0 = Debug|Win32
		{23489927-B883-43C1-BB4F-D604C3D5E5A3}.Release|x64.ActiveCfg = Release|x64
		{23489927-B883-43C1-BB4F-D604C3D5E5A3}.Release|x64.Build.0 = Release|x64
		{23489927-B883-43C1-BB4F-D604C3D5E5A3}.Release|x86.ActiveCfg = Release|Win32
		{23489927-B883-43C1-BB4F-D604C3D5E5A3}.Release|x86.Build.0 = Release|Win32
	EndGlobalSection
	GlobalSection(SolutionProperties) = preSolution
		HideSolutionNode = FALSE
	EndGlobalSection
	GlobalSection(ExtensibilityGlobals) = postSolution
		SolutionGuid = {8AEBBECC-F8A9-4A04-8301-2A672E5886FC}
	EndGlobalSection
EndGlobal
